
Microsoft Visual Studio Solution File, Format Version 12.00
# Visual Studio Version 16
VisualStudioVersion = 16.0.30413.136
MinimumVisualStudioVersion = 10.0.40219.1
Project("{FAE04EC0-301F-11D3-BF4B-00C04F79EFBC}") = "Pomoc", "Pomoc\Pomoc.csproj", "{EF2BC350-8A4B-4182-8E44-2E9BDD39BAF4}"
EndProject
Global
	GlobalSection(SolutionConfigurationPlatforms) = preSolution
		Debug|Any CPU = Debug|Any CPU
		Release|Any CPU = Release|Any CPU
	EndGlobalSection
	GlobalSection(ProjectConfigurationPlatforms) = postSolution
		{EF2BC350-8A4B-4182-8E44-2E9BDD39BAF4}.Debug|Any CPU.ActiveCfg = Debug|Any CPU
		{EF2BC350-8A4B-4182-8E44-2E9BDD39BAF4}.Debug|Any CPU.Build.0 = Debug|Any CPU
		{EF2BC350-8A4B-4182-8E44-2E9BDD39BAF4}.Release|Any CPU.ActiveCfg = Release|Any CPU
		{EF2BC350-8A4B-4182-8E44-2E9BDD39BAF4}.Release|Any CPU.Build.0 = Release|Any CPU
	EndGlobalSection
	GlobalSection(SolutionProperties) = preSolution
		HideSolutionNode = FALSE
	EndGlobalSection
	GlobalSection(ExtensibilityGlobals) = postSolution
		SolutionGuid = {38491A96-699E-406D-876D-2D4E073A2EDD}
	EndGlobalSection
EndGlobal
